{
  "name": "wink-tokenizer-layer",
  "version": "5.3.0",
  "lockfileVersion": 3,
  "requires": true,
  "packages": {
    "": {
      "name": "wink-tokenizer-layer",
      "version": "5.3.0",
      "license": "MIT",
      "dependencies": {
        "wink-eng-lite-web-model": "^1.6.0",
        "wink-nlp": "^2.2.0",
        "wink-tokenizer": "^5.3.0"
      }
    },
    "node_modules/emoji-regex": {
      "version": "9.2.2",
      "resolved": "https://registry.npmjs.org/emoji-regex/-/emoji-regex-9.2.2.tgz",
      "integrity": "sha512-L18DaJsXSUk2+42pv8mLs5jJT2hqFkFE4j21wOmgbUqsZ2hL72NsUU785g9RXgo3s0ZNgVl42TiHp3ZtOv/Vyg=="
    },
    "node_modules/wink-eng-lite-web-model": {
      "version": "1.6.0",
      "resolved": "https://registry.npmjs.org/wink-eng-lite-web-model/-/wink-eng-lite-web-model-1.6.0.tgz",
      "integrity": "sha512-j4DaUTWnX3OzFFbTnY4v9RUeebghAd4mEWiJx9rZ29jfyW1OdK6H9UPbY8QrFb6sRIV1wJP2FGe2phA6MSEfwQ==",
      "engines": {
        "node": ">=16.0.0"
      },
      "peerDependencies": {
        "wink-nlp": ">2.1.0"
      }
    },
    "node_modules/wink-nlp": {
      "version": "2.2.0",
      "resolved": "https://registry.npmjs.org/wink-nlp/-/wink-nlp-2.2.0.tgz",
      "integrity": "sha512-q2BFBauhMS/4f+grni6hL+a0RxHJzmWT7Vj4nbaz7Ihr7ro/fLfrW+qHy16LlP1Oqsv1TacThKNDXmSm6F+PnA=="
    },
    "node_modules/wink-tokenizer": {
      "version": "5.3.0",
      "resolved": "https://registry.npmjs.org/wink-tokenizer/-/wink-tokenizer-5.3.0.tgz",
      "integrity": "sha512-O/yAw0g3FmSgeeQuYAJJfP7fVPB4A6ay0018qASh79aWmIOyPYy4j4r9EQT8xBjicja6lCLvgRVAybmEBaATQA==",
      "dependencies": {
        "emoji-regex": "^9.0.0"
      }
    }
  }
}
