{
  "name": "wink-tokenizer-layer",
  "version": "5.3.0",
  "lockfileVersion": 3,
  "requires": true,
  "packages": {
    "": {
      "name": "wink-tokenizer-layer",
      "version": "5.3.0",
      "license": "MIT",
      "dependencies": {
        "wink-eng-lite-web-model": "^1.8.1",
        "wink-nlp": "^2.3.2",
        "wink-tokenizer": "^5.3.0"
      }
    },
    "node_modules/emoji-regex": {
      "version": "9.2.2",
      "resolved": "https://registry.npmjs.org/emoji-regex/-/emoji-regex-9.2.2.tgz",
      "integrity": "sha512-L18DaJsXSUk2+42pv8mLs5jJT2hqFkFE4j21wOmgbUqsZ2hL72NsUU785g9RXgo3s0ZNgVl42TiHp3ZtOv/Vyg=="
    },
    "node_modules/wink-eng-lite-web-model": {
      "version": "1.8.1",
      "resolved": "https://registry.npmjs.org/wink-eng-lite-web-model/-/wink-eng-lite-web-model-1.8.1.tgz",
      "integrity": "sha512-M2tSOU/rVNkDj8AS8IoKJaM7apJJjS0cN+hE8CPazfnB4A/ojyc9+7RMPk18UOiIdSyWk7MR6w8z9lWix2l5tA==",
      "engines": {
        "node": ">=16.0.0"
      }
    },
    "node_modules/wink-nlp": {
      "version": "2.3.2",
      "resolved": "https://registry.npmjs.org/wink-nlp/-/wink-nlp-2.3.2.tgz",
      "integrity": "sha512-PsK/nOjI0nfC23HbpJa/eeca+wvmx2SVvH2hIhOJSDe0hbsyOwwImmRgYvv6BwsGN7/8aCHoeNzCac9xAsrvaw=="
    },
    "node_modules/wink-tokenizer": {
      "version": "5.3.0",
      "resolved": "https://registry.npmjs.org/wink-tokenizer/-/wink-tokenizer-5.3.0.tgz",
      "integrity": "sha512-O/yAw0g3FmSgeeQuYAJJfP7fVPB4A6ay0018qASh79aWmIOyPYy4j4r9EQT8xBjicja6lCLvgRVAybmEBaATQA==",
      "dependencies": {
        "emoji-regex": "^9.0.0"
      }
    }
  }
}
