{
  "name": "service-backlog-lib",
  "version": "1.0.0",
  "lockfileVersion": 3,
  "requires": true,
  "packages": {
    "": {
      "name": "service-backlog-lib",
      "version": "1.0.0",
      "devDependencies": {
        "@aws-sdk/client-comprehend": "^3.1106.0",
        "@aws-sdk/client-dynamodb": "^3.1106.0",
        "@aws-sdk/client-eventbridge": "^3.1106.0",
        "@aws-sdk/client-mediaconvert": "^3.1106.0",
        "@aws-sdk/client-rekognition": "^3.1106.0",
        "@aws-sdk/client-sfn": "^3.1106.0",
        "@aws-sdk/client-textract": "^3.1106.0",
        "@aws-sdk/client-transcribe": "^3.1106.0",
        "@aws-sdk/util-dynamodb": "^3.996.7"
      }
    },
    "node_modules/@aws-sdk/client-comprehend": {
      "version": "3.1106.0",
      "resolved": "https://registry.npmjs.org/@aws-sdk/client-comprehend/-/client-comprehend-3.1106.0.tgz",
      "integrity": "sha512-X4y5rgwvu0vl6iaaMujmQlpB3JLfhswMUHd/wP8dxODZv4awksriayuIkIq7cjC4bqMpCGev06tqqUDX+XKjSA==",
      "dev": true,
      "license": "Apache-2.0",
      "dependencies": {
        "@aws-sdk/core": "^3.977.6",
        "@aws-sdk/credential-provider-node": "^3.972.78",
        "@aws-sdk/types": "^3.974.2",
        "@smithy/core": "^3.31.1",
        "@smithy/fetch-http-handler": "^5.6.13",
        "@smithy/node-http-handler": "^4.9.13",
        "@smithy/types": "^4.16.1",
        "tslib": "^2.6.2"
      },
      "engines": {
        "node": ">=20.0.0"
      }
    },
    "node_modules/@aws-sdk/client-dynamodb": {
      "version": "3.1106.0",
      "resolved": "https://registry.npmjs.org/@aws-sdk/client-dynamodb/-/client-dynamodb-3.1106.0.tgz",
      "integrity": "sha512-VhYpGatp+5ke7HBc/8CqbukInNmsFT67W4d/QceP8/YIxpKfP0SRCSHlgRU85WTC5JcS88FWX3OxGYR63rEUdA==",
      "dev": true,
      "license": "Apache-2.0",
      "dependencies": {
        "@aws-sdk/core": "^3.977.6",
        "@aws-sdk/credential-provider-node": "^3.972.78",
        "@aws-sdk/dynamodb-codec": "^3.973.41",
        "@aws-sdk/middleware-endpoint-discovery": "^3.972.27",
        "@aws-sdk/types": "^3.974.2",
        "@smithy/core": "^3.31.1",
        "@smithy/fetch-http-handler": "^5.6.13",
        "@smithy/node-http-handler": "^4.9.13",
        "@smithy/types": "^4.16.1",
        "tslib": "^2.6.2"
      },
      "engines": {
        "node": ">=20.0.0"
      }
    },
    "node_modules/@aws-sdk/client-eventbridge": {
      "version": "3.1106.0",
      "resolved": "https://registry.npmjs.org/@aws-sdk/client-eventbridge/-/client-eventbridge-3.1106.0.tgz",
      "integrity": "sha512-uxpvB0eZWNJ1jp82zgLZ66gNm5cCQMzDTD5v/AKCPigSRaf3juCufnpqfOz9PtDeQla01XT8LBuT69pqat7z2Q==",
      "dev": true,
      "license": "Apache-2.0",
      "dependencies": {
        "@aws-sdk/core": "^3.977.6",
        "@aws-sdk/credential-provider-node": "^3.972.78",
        "@aws-sdk/signature-v4-multi-region": "^3.996.43",
        "@aws-sdk/types": "^3.974.2",
        "@smithy/core": "^3.31.1",
        "@smithy/fetch-http-handler": "^5.6.13",
        "@smithy/node-http-handler": "^4.9.13",
        "@smithy/types": "^4.16.1",
        "tslib": "^2.6.2"
      },
      "engines": {
        "node": ">=20.0.0"
      }
    },
    "node_modules/@aws-sdk/client-mediaconvert": {
      "version": "3.1106.0",
      "resolved": "https://registry.npmjs.org/@aws-sdk/client-mediaconvert/-/client-mediaconvert-3.1106.0.tgz",
      "integrity": "sha512-EM60wUkQogxwHH78OtwSsHTTJulytQ3HTnxoP8rcDl0XxEjFfVg0L60N4JsHlQVE+FS5sYVep5lwVOmG0TiP1g==",
      "dev": true,
      "license": "Apache-2.0",
      "dependencies": {
        "@aws-sdk/core": "^3.977.6",
        "@aws-sdk/credential-provider-node": "^3.972.78",
        "@aws-sdk/types": "^3.974.2",
        "@smithy/core": "^3.31.1",
        "@smithy/fetch-http-handler": "^5.6.13",
        "@smithy/node-http-handler": "^4.9.13",
        "@smithy/types": "^4.16.1",
        "tslib": "^2.6.2"
      },
      "engines": {
        "node": ">=20.0.0"
      }
    },
    "node_modules/@aws-sdk/client-rekognition": {
      "version": "3.1106.0",
      "resolved": "https://registry.npmjs.org/@aws-sdk/client-rekognition/-/client-rekognition-3.1106.0.tgz",
      "integrity": "sha512-oH0gq4E73ipKC2Sv1MaqsS7j/UMOHb9oBPWKvb7nxVz7UWgKhQLRlIXBrYBwGzRmj04F7NqG9Mu6eLeUTeELpg==",
      "dev": true,
      "license": "Apache-2.0",
      "dependencies": {
        "@aws-sdk/core": "^3.977.6",
        "@aws-sdk/credential-provider-node": "^3.972.78",
        "@aws-sdk/types": "^3.974.2",
        "@smithy/core": "^3.31.1",
        "@smithy/fetch-http-handler": "^5.6.13",
        "@smithy/node-http-handler": "^4.9.13",
        "@smithy/types": "^4.16.1",
        "tslib": "^2.6.2"
      },
      "engines": {
        "node": ">=20.0.0"
      }
    },
    "node_modules/@aws-sdk/client-sfn": {
      "version": "3.1106.0",
      "resolved": "https://registry.npmjs.org/@aws-sdk/client-sfn/-/client-sfn-3.1106.0.tgz",
      "integrity": "sha512-lU6A0y5jghCTXXOFOEKTBWRRBVvarowKAXOMhvG5vmaYj3GKwlK7j16mHIyuzhInnvuQO9AntFDJT/yQFSEyIA==",
      "dev": true,
      "license": "Apache-2.0",
      "dependencies": {
        "@aws-sdk/core": "^3.977.6",
        "@aws-sdk/credential-provider-node": "^3.972.78",
        "@aws-sdk/types": "^3.974.2",
        "@smithy/core": "^3.31.1",
        "@smithy/fetch-http-handler": "^5.6.13",
        "@smithy/node-http-handler": "^4.9.13",
        "@smithy/types": "^4.16.1",
        "tslib": "^2.6.2"
      },
      "engines": {
        "node": ">=20.0.0"
      }
    },
    "node_modules/@aws-sdk/client-textract": {
      "version": "3.1106.0",
      "resolved": "https://registry.npmjs.org/@aws-sdk/client-textract/-/client-textract-3.1106.0.tgz",
      "integrity": "sha512-84yOwVX/Bcz62Msh8tWNylVzT2yrkhxatowWzKJJ4wI3DeMF2Wu7yR6mNNSHKHQtwkyGVHm8HJppSlCUS/CVaQ==",
      "dev": true,
      "license": "Apache-2.0",
      "dependencies": {
        "@aws-sdk/core": "^3.977.6",
        "@aws-sdk/credential-provider-node": "^3.972.78",
        "@aws-sdk/types": "^3.974.2",
        "@smithy/core": "^3.31.1",
        "@smithy/fetch-http-handler": "^5.6.13",
        "@smithy/node-http-handler": "^4.9.13",
        "@smithy/types": "^4.16.1",
        "tslib": "^2.6.2"
      },
      "engines": {
        "node": ">=20.0.0"
      }
    },
    "node_modules/@aws-sdk/client-transcribe": {
      "version": "3.1106.0",
      "resolved": "https://registry.npmjs.org/@aws-sdk/client-transcribe/-/client-transcribe-3.1106.0.tgz",
      "integrity": "sha512-z/e4CX/XYMcgmGLjV7cPSFgGL5hnmZyj6Q52rg/AypJmHwXCZnLDEoZ4w1gCdY7JcCTUsVXXWCKVYSm70GTVTg==",
      "dev": true,
      "license": "Apache-2.0",
      "dependencies": {
        "@aws-sdk/core": "^3.977.6",
        "@aws-sdk/credential-provider-node": "^3.972.78",
        "@aws-sdk/types": "^3.974.2",
        "@smithy/core": "^3.31.1",
        "@smithy/fetch-http-handler": "^5.6.13",
        "@smithy/node-http-handler": "^4.9.13",
        "@smithy/types": "^4.16.1",
        "tslib": "^2.6.2"
      },
      "engines": {
        "node": ">=20.0.0"
      }
    },
    "node_modules/@aws-sdk/core": {
      "version": "3.977.6",
      "resolved": "https://registry.npmjs.org/@aws-sdk/core/-/core-3.977.6.tgz",
      "integrity": "sha512-QiaJV4/zDrB4ZY2mfeSXSzSTc36W16sZXcGz+SPFk0CJ26gziO0cS+4LjJUMAbdeeBOvS0k0Aq1cZpfGdUXxSw==",
      "dev": true,
      "license": "Apache-2.0",
      "dependencies": {
        "@aws-sdk/types": "^3.974.2",
        "@aws-sdk/xml-builder": "^3.972.37",
        "@aws/lambda-invoke-store": "^0.3.0",
        "@smithy/core": "^3.31.1",
        "@smithy/signature-v4": "^5.6.12",
        "@smithy/types": "^4.16.1",
        "bowser": "^2.11.0",
        "tslib": "^2.6.2"
      },
      "engines": {
        "node": ">=20.0.0"
      }
    },
    "node_modules/@aws-sdk/credential-provider-env": {
      "version": "3.972.67",
      "resolved": "https://registry.npmjs.org/@aws-sdk/credential-provider-env/-/credential-provider-env-3.972.67.tgz",
      "integrity": "sha512-rcIpk5kxUqDaaNa6Xk23pQ6ViY7jlqzmfFWCahQcBT97ddXaXYYwzCen9Tz1Jvo6aJft6wDl5bN44/Jw5B4oLA==",
      "dev": true,
      "license": "Apache-2.0",
      "dependencies": {
        "@aws-sdk/core": "^3.977.6",
        "@aws-sdk/types": "^3.974.2",
        "@smithy/core": "^3.31.1",
        "@smithy/types": "^4.16.1",
        "tslib": "^2.6.2"
      },
      "engines": {
        "node": ">=20.0.0"
      }
    },
    "node_modules/@aws-sdk/credential-provider-http": {
      "version": "3.972.69",
      "resolved": "https://registry.npmjs.org/@aws-sdk/credential-provider-http/-/credential-provider-http-3.972.69.tgz",
      "integrity": "sha512-nggwJtZ4eeNsUw5IeWBMXsi1ryct5idi0K+/SCRF3kybLubOMaNTb3XCihXpWMiVpyzyPeIrl0zTkzhBH9porA==",
      "dev": true,
      "license": "Apache-2.0",
      "dependencies": {
        "@aws-sdk/core": "^3.977.6",
        "@aws-sdk/types": "^3.974.2",
        "@smithy/core": "^3.31.1",
        "@smithy/fetch-http-handler": "^5.6.13",
        "@smithy/node-http-handler": "^4.9.13",
        "@smithy/types": "^4.16.1",
        "tslib": "^2.6.2"
      },
      "engines": {
        "node": ">=20.0.0"
      }
    },
    "node_modules/@aws-sdk/credential-provider-ini": {
      "version": "3.973.12",
      "resolved": "https://registry.npmjs.org/@aws-sdk/credential-provider-ini/-/credential-provider-ini-3.973.12.tgz",
      "integrity": "sha512-pNEf/OeyN5X3VmLKlgSO6TqaWmW10CvI3TfwL1XhsuhYjSLT2VDaxFnCPHnOeQXSaFisMX4jNhpETriqN8DOmg==",
      "dev": true,
      "license": "Apache-2.0",
      "dependencies": {
        "@aws-sdk/core": "^3.977.6",
        "@aws-sdk/credential-provider-env": "^3.972.67",
        "@aws-sdk/credential-provider-http": "^3.972.69",
        "@aws-sdk/credential-provider-login": "^3.972.74",
        "@aws-sdk/credential-provider-process": "^3.972.67",
        "@aws-sdk/credential-provider-sso": "^3.973.11",
        "@aws-sdk/credential-provider-web-identity": "^3.972.73",
        "@aws-sdk/nested-clients": "^3.997.41",
        "@aws-sdk/types": "^3.974.2",
        "@smithy/core": "^3.31.1",
        "@smithy/credential-provider-imds": "^4.4.16",
        "@smithy/types": "^4.16.1",
        "tslib": "^2.6.2"
      },
      "engines": {
        "node": ">=20.0.0"
      }
    },
    "node_modules/@aws-sdk/credential-provider-login": {
      "version": "3.972.74",
      "resolved": "https://registry.npmjs.org/@aws-sdk/credential-provider-login/-/credential-provider-login-3.972.74.tgz",
      "integrity": "sha512-0AQfDcf99TNmqVKv0owHrw/TQs6i4ZE5t9qmz6NvO53bE/sA/tpXhXL9AAcEP1qHc6Zzjd1UMb69+/9zdhvY3g==",
      "dev": true,
      "license": "Apache-2.0",
      "dependencies": {
        "@aws-sdk/core": "^3.977.6",
        "@aws-sdk/nested-clients": "^3.997.41",
        "@aws-sdk/types": "^3.974.2",
        "@smithy/core": "^3.31.1",
        "@smithy/types": "^4.16.1",
        "tslib": "^2.6.2"
      },
      "engines": {
        "node": ">=20.0.0"
      }
    },
    "node_modules/@aws-sdk/credential-provider-node": {
      "version": "3.972.78",
      "resolved": "https://registry.npmjs.org/@aws-sdk/credential-provider-node/-/credential-provider-node-3.972.78.tgz",
      "integrity": "sha512-OgPAnfvbGAMWac6yvxJ1ihslrvDpPVwR68D2csospdNCCyPvHk9JLzYKwz48SNiS1T2znDwHauywRKRFfpyYng==",
      "dev": true,
      "license": "Apache-2.0",
      "dependencies": {
        "@aws-sdk/credential-provider-env": "^3.972.67",
        "@aws-sdk/credential-provider-http": "^3.972.69",
        "@aws-sdk/credential-provider-ini": "^3.973.12",
        "@aws-sdk/credential-provider-process": "^3.972.67",
        "@aws-sdk/credential-provider-sso": "^3.973.11",
        "@aws-sdk/credential-provider-web-identity": "^3.972.73",
        "@aws-sdk/types": "^3.974.2",
        "@smithy/core": "^3.31.1",
        "@smithy/credential-provider-imds": "^4.4.16",
        "@smithy/types": "^4.16.1",
        "tslib": "^2.6.2"
      },
      "engines": {
        "node": ">=20.0.0"
      }
    },
    "node_modules/@aws-sdk/credential-provider-process": {
      "version": "3.972.67",
      "resolved": "https://registry.npmjs.org/@aws-sdk/credential-provider-process/-/credential-provider-process-3.972.67.tgz",
      "integrity": "sha512-IlUEejorGTWKb4/Dm7K5Yw4QxUmXLThLhrvBmzVBqZFTbW72cv9LTcITmo1dsnYriALE4h68mOq4LB99x6sQ7Q==",
      "dev": true,
      "license": "Apache-2.0",
      "dependencies": {
        "@aws-sdk/core": "^3.977.6",
        "@aws-sdk/types": "^3.974.2",
        "@smithy/core": "^3.31.1",
        "@smithy/types": "^4.16.1",
        "tslib": "^2.6.2"
      },
      "engines": {
        "node": ">=20.0.0"
      }
    },
    "node_modules/@aws-sdk/credential-provider-sso": {
      "version": "3.973.11",
      "resolved": "https://registry.npmjs.org/@aws-sdk/credential-provider-sso/-/credential-provider-sso-3.973.11.tgz",
      "integrity": "sha512-gAQBkBZxUB84d71+pPcI9L+jh2ujhuAVxc/4FgGiWFDjkPBlMKxzd5XDtkSXTFX8Ro7ansnT88+XadasxMeCRw==",
      "dev": true,
      "license": "Apache-2.0",
      "dependencies": {
        "@aws-sdk/core": "^3.977.6",
        "@aws-sdk/nested-clients": "^3.997.41",
        "@aws-sdk/token-providers": "3.1103.0",
        "@aws-sdk/types": "^3.974.2",
        "@smithy/core": "^3.31.1",
        "@smithy/types": "^4.16.1",
        "tslib": "^2.6.2"
      },
      "engines": {
        "node": ">=20.0.0"
      }
    },
    "node_modules/@aws-sdk/credential-provider-web-identity": {
      "version": "3.972.73",
      "resolved": "https://registry.npmjs.org/@aws-sdk/credential-provider-web-identity/-/credential-provider-web-identity-3.972.73.tgz",
      "integrity": "sha512-SnlEmQa6SjOgs6iOPLUQl1Eyq4AKiAdPQlkOhFhqNfDtDCwibMGvL6QlkSmf3o6vAUSImzdPCxowT5dfQUZP1A==",
      "dev": true,
      "license": "Apache-2.0",
      "dependencies": {
        "@aws-sdk/core": "^3.977.6",
        "@aws-sdk/nested-clients": "^3.997.41",
        "@aws-sdk/types": "^3.974.2",
        "@smithy/core": "^3.31.1",
        "@smithy/types": "^4.16.1",
        "tslib": "^2.6.2"
      },
      "engines": {
        "node": ">=20.0.0"
      }
    },
    "node_modules/@aws-sdk/dynamodb-codec": {
      "version": "3.973.41",
      "resolved": "https://registry.npmjs.org/@aws-sdk/dynamodb-codec/-/dynamodb-codec-3.973.41.tgz",
      "integrity": "sha512-N4go/LzYFd6KJ+r7qqAjzmsw85PFN99RnDYZvw22FzU3VZgL5+umvncfu0M7hlzeIUKHSLL65HTJIXiLY7RJFg==",
      "dev": true,
      "license": "Apache-2.0",
      "dependencies": {
        "@aws-sdk/core": "^3.977.6",
        "@smithy/core": "^3.31.1",
        "@smithy/types": "^4.16.1",
        "tslib": "^2.6.2"
      },
      "engines": {
        "node": ">=20.0.0"
      }
    },
    "node_modules/@aws-sdk/endpoint-cache": {
      "version": "3.972.9",
      "resolved": "https://registry.npmjs.org/@aws-sdk/endpoint-cache/-/endpoint-cache-3.972.9.tgz",
      "integrity": "sha512-LFvdgq8SriaskUcjpBMDE7J2c9RmuT5v3gU36/znV71EU5DKUis4FmGFjCMelKCCViFeVrQADBAlIiOYRhEx6Q==",
      "dev": true,
      "license": "Apache-2.0",
      "dependencies": {
        "mnemonist": "0.38.3",
        "tslib": "^2.6.2"
      },
      "engines": {
        "node": ">=20.0.0"
      }
    },
    "node_modules/@aws-sdk/middleware-endpoint-discovery": {
      "version": "3.972.27",
      "resolved": "https://registry.npmjs.org/@aws-sdk/middleware-endpoint-discovery/-/middleware-endpoint-discovery-3.972.27.tgz",
      "integrity": "sha512-5AJlxrsg27IGGiQauWOdVyqK55EN0EMIwXndkVHhBiPT4CtdSaz89/sAENSw+GP4KF+BOWcgycZFNjkOLmfo1A==",
      "dev": true,
      "license": "Apache-2.0",
      "dependencies": {
        "@aws-sdk/endpoint-cache": "^3.972.9",
        "@aws-sdk/types": "^3.974.2",
        "@smithy/core": "^3.31.1",
        "@smithy/types": "^4.16.1",
        "tslib": "^2.6.2"
      },
      "engines": {
        "node": ">=20.0.0"
      }
    },
    "node_modules/@aws-sdk/nested-clients": {
      "version": "3.997.41",
      "resolved": "https://registry.npmjs.org/@aws-sdk/nested-clients/-/nested-clients-3.997.41.tgz",
      "integrity": "sha512-RDHqPGQWlF6tatA/Tp3rg6oIwtgN9IVderxE+9av2Y93Dfyu+mO1hZ5Bu2jpfZg2rwdNbsssnwM+sLafIczMlQ==",
      "dev": true,
      "license": "Apache-2.0",
      "dependencies": {
        "@aws-sdk/core": "^3.977.6",
        "@aws-sdk/signature-v4-multi-region": "^3.996.43",
        "@aws-sdk/types": "^3.974.2",
        "@smithy/core": "^3.31.1",
        "@smithy/fetch-http-handler": "^5.6.13",
        "@smithy/node-http-handler": "^4.9.13",
        "@smithy/types": "^4.16.1",
        "tslib": "^2.6.2"
      },
      "engines": {
        "node": ">=20.0.0"
      }
    },
    "node_modules/@aws-sdk/signature-v4-multi-region": {
      "version": "3.996.43",
      "resolved": "https://registry.npmjs.org/@aws-sdk/signature-v4-multi-region/-/signature-v4-multi-region-3.996.43.tgz",
      "integrity": "sha512-lKekx8bLBXSv4O+cslk9Zfnw2XKSkWBs3uWL5QGhH2ZAQfNS7FE0vcSSN2vD/AhxX54ZTywWxR4STThoeOXlBA==",
      "dev": true,
      "license": "Apache-2.0",
      "dependencies": {
        "@aws-sdk/types": "^3.974.2",
        "@smithy/signature-v4": "^5.6.12",
        "@smithy/types": "^4.16.1",
        "tslib": "^2.6.2"
      },
      "engines": {
        "node": ">=20.0.0"
      }
    },
    "node_modules/@aws-sdk/token-providers": {
      "version": "3.1103.0",
      "resolved": "https://registry.npmjs.org/@aws-sdk/token-providers/-/token-providers-3.1103.0.tgz",
      "integrity": "sha512-N4wy26MNn31ItGVHYHPrEuCIFY4MBBjC+C5v1lJKqIUSA7OZBdhleCY53zCCrXn27hsk7YNOaTuhQu807S4AfQ==",
      "dev": true,
      "license": "Apache-2.0",
      "dependencies": {
        "@aws-sdk/core": "^3.977.6",
        "@aws-sdk/nested-clients": "^3.997.41",
        "@aws-sdk/types": "^3.974.2",
        "@smithy/core": "^3.31.1",
        "@smithy/types": "^4.16.1",
        "tslib": "^2.6.2"
      },
      "engines": {
        "node": ">=20.0.0"
      }
    },
    "node_modules/@aws-sdk/types": {
      "version": "3.974.2",
      "resolved": "https://registry.npmjs.org/@aws-sdk/types/-/types-3.974.2.tgz",
      "integrity": "sha512-3W6IUtSxFbH6X7Wb7DzGCV5QiFQsd0g8bOfntpmDxQlzBoKWUMBu/JPQR0DwkE+Hpnxd6db1tXbOwdeHddG6cA==",
      "dev": true,
      "license": "Apache-2.0",
      "dependencies": {
        "@smithy/types": "^4.16.1",
        "tslib": "^2.6.2"
      },
      "engines": {
        "node": ">=20.0.0"
      }
    },
    "node_modules/@aws-sdk/util-dynamodb": {
      "version": "3.996.7",
      "resolved": "https://registry.npmjs.org/@aws-sdk/util-dynamodb/-/util-dynamodb-3.996.7.tgz",
      "integrity": "sha512-v+WJASG9yaW8qNM7pNSgH1PBYz5mVTf7gzKPi0NqGjLlaCtPdk6EjM1lmv03egA07iXUw6OToGYfW2w8D3kBrg==",
      "dev": true,
      "license": "Apache-2.0",
      "dependencies": {
        "tslib": "^2.6.2"
      },
      "engines": {
        "node": ">=20.0.0"
      },
      "peerDependencies": {
        "@aws-sdk/client-dynamodb": "^3.1088.0"
      }
    },
    "node_modules/@aws-sdk/xml-builder": {
      "version": "3.972.37",
      "resolved": "https://registry.npmjs.org/@aws-sdk/xml-builder/-/xml-builder-3.972.37.tgz",
      "integrity": "sha512-zKq4HQum8JwDyEuyfuI4bbiAcU0KxP6qy+9PR/IsR92IyE/DaBAikzAS50tjxip4bqIIANpCcG+Yyj6CVhXupg==",
      "dev": true,
      "license": "Apache-2.0",
      "dependencies": {
        "@smithy/types": "^4.16.1",
        "tslib": "^2.6.2"
      },
      "engines": {
        "node": ">=20.0.0"
      }
    },
    "node_modules/@aws/lambda-invoke-store": {
      "version": "0.3.0",
      "resolved": "https://registry.npmjs.org/@aws/lambda-invoke-store/-/lambda-invoke-store-0.3.0.tgz",
      "integrity": "sha512-sl4Bm6yiMNYrZKkqqDFWN0UfnWhlS8ivKxrYl+6t0gCLrqr8y3B2IqZZbFRkfaVVp7C/baApyh71P+LeE1A2sQ==",
      "dev": true,
      "license": "Apache-2.0",
      "engines": {
        "node": ">=18.0.0"
      }
    },
    "node_modules/@smithy/core": {
      "version": "3.31.1",
      "resolved": "https://registry.npmjs.org/@smithy/core/-/core-3.31.1.tgz",
      "integrity": "sha512-CyogUINxvi7C7LDsh8Syo6hVJOT9ckz4rG8dRZfTJ8r91HkMY59PnNooaj7WcHyxEkxPfBAmbgztZU+xTo76lg==",
      "dev": true,
      "license": "Apache-2.0",
      "dependencies": {
        "@smithy/types": "^4.16.1",
        "tslib": "^2.6.2"
      },
      "engines": {
        "node": ">=18.0.0"
      }
    },
    "node_modules/@smithy/credential-provider-imds": {
      "version": "4.4.16",
      "resolved": "https://registry.npmjs.org/@smithy/credential-provider-imds/-/credential-provider-imds-4.4.16.tgz",
      "integrity": "sha512-QfuLWAkLzptffFW980AFeHZFdqds2B64rpEd3uJ6lgs3xVn9QegGMUgUcj+4d7dRrAsya3r58ZKpku97WcFb4w==",
      "dev": true,
      "license": "Apache-2.0",
      "dependencies": {
        "@smithy/core": "^3.31.1",
        "@smithy/types": "^4.16.1",
        "tslib": "^2.6.2"
      },
      "engines": {
        "node": ">=18.0.0"
      }
    },
    "node_modules/@smithy/fetch-http-handler": {
      "version": "5.6.13",
      "resolved": "https://registry.npmjs.org/@smithy/fetch-http-handler/-/fetch-http-handler-5.6.13.tgz",
      "integrity": "sha512-4fW86pEUOMbrD5nkbyl/tTvPHHWJFbuB2odl6ps9lWfHoXf9HWh3Q/Smh59qH1g7+c/BSZghX6bbUk4gsiMs8A==",
      "dev": true,
      "license": "Apache-2.0",
      "dependencies": {
        "@smithy/core": "^3.31.1",
        "@smithy/types": "^4.16.1",
        "tslib": "^2.6.2"
      },
      "engines": {
        "node": ">=18.0.0"
      }
    },
    "node_modules/@smithy/node-http-handler": {
      "version": "4.9.13",
      "resolved": "https://registry.npmjs.org/@smithy/node-http-handler/-/node-http-handler-4.9.13.tgz",
      "integrity": "sha512-Nmd/Nl35zfYrd+a6OO2cDJb3GPh9bgTjIUhcM+JFfjpp8/osCgboDV5nCT1I01Pv6R13eSKDKLSoVa5ZB6Zsfw==",
      "dev": true,
      "license": "Apache-2.0",
      "dependencies": {
        "@smithy/core": "^3.31.1",
        "@smithy/types": "^4.16.1",
        "tslib": "^2.6.2"
      },
      "engines": {
        "node": ">=18.0.0"
      }
    },
    "node_modules/@smithy/signature-v4": {
      "version": "5.6.12",
      "resolved": "https://registry.npmjs.org/@smithy/signature-v4/-/signature-v4-5.6.12.tgz",
      "integrity": "sha512-I6KLtq3H0qqSuV9vLglfi8puHqzygzWHOnI4z/Rdoo+q50vvo18vBRdPAvvEtcaKROz7Zn6qnPa14kRfPH6PcQ==",
      "dev": true,
      "license": "Apache-2.0",
      "dependencies": {
        "@smithy/core": "^3.31.1",
        "@smithy/types": "^4.16.1",
        "tslib": "^2.6.2"
      },
      "engines": {
        "node": ">=18.0.0"
      }
    },
    "node_modules/@smithy/types": {
      "version": "4.16.1",
      "resolved": "https://registry.npmjs.org/@smithy/types/-/types-4.16.1.tgz",
      "integrity": "sha512-0JFs3V2y2M9tKW5na/qxe69Zv+uxLMO7QBbhxF/FHu/Gp2NFZAAL9tWl9PU02xxo07pb3G9FTyjNc6D5uZrJIg==",
      "dev": true,
      "license": "Apache-2.0",
      "dependencies": {
        "tslib": "^2.6.2"
      },
      "engines": {
        "node": ">=18.0.0"
      }
    },
    "node_modules/bowser": {
      "version": "2.14.1",
      "resolved": "https://registry.npmjs.org/bowser/-/bowser-2.14.1.tgz",
      "integrity": "sha512-tzPjzCxygAKWFOJP011oxFHs57HzIhOEracIgAePE4pqB3LikALKnSzUyU4MGs9/iCEUuHlAJTjTc5M+u7YEGg==",
      "dev": true,
      "license": "MIT"
    },
    "node_modules/mnemonist": {
      "version": "0.38.3",
      "resolved": "https://registry.npmjs.org/mnemonist/-/mnemonist-0.38.3.tgz",
      "integrity": "sha512-2K9QYubXx/NAjv4VLq1d1Ly8pWNC5L3BrixtdkyTegXWJIqY+zLNDhhX/A+ZwWt70tB1S8H4BE8FLYEFyNoOBw==",
      "dev": true,
      "license": "MIT",
      "dependencies": {
        "obliterator": "^1.6.1"
      }
    },
    "node_modules/obliterator": {
      "version": "1.6.1",
      "resolved": "https://registry.npmjs.org/obliterator/-/obliterator-1.6.1.tgz",
      "integrity": "sha512-9WXswnqINnnhOG/5SLimUlzuU1hFJUc8zkwyD59Sd+dPOMf05PmnYG/d6Q7HZ+KmgkZJa1PxRso6QdM3sTNHig==",
      "dev": true,
      "license": "MIT"
    },
    "node_modules/tslib": {
      "version": "2.8.1",
      "resolved": "https://registry.npmjs.org/tslib/-/tslib-2.8.1.tgz",
      "integrity": "sha512-oJFu94HQb+KVduSUQL7wnpmqnfmLsOA/nAh6b6EH0wCEoK0/mPeXU6c3wKDV83MkOuHPRHtSXKKU99IBazS/2w==",
      "dev": true,
      "license": "0BSD"
    }
  }
}
