{
  "name": "backlog-stream-connector",
  "version": "3.0.0",
  "lockfileVersion": 3,
  "requires": true,
  "packages": {
    "": {
      "name": "backlog-stream-connector",
      "version": "3.0.0",
      "license": "MIT-0",
      "devDependencies": {
        "service-backlog-lib": "file:../../layers/service-backlog-lib"
      }
    },
    "../../layers/service-backlog-lib": {
      "version": "1.0.0",
      "dev": true,
      "devDependencies": {
        "@aws-sdk/client-comprehend": "^3.540.0",
        "@aws-sdk/client-dynamodb": "^3.540.0",
        "@aws-sdk/client-eventbridge": "^3.540.0",
        "@aws-sdk/client-mediaconvert": "^3.540.0",
        "@aws-sdk/client-rekognition": "^3.540.0",
        "@aws-sdk/client-sfn": "^3.540.0",
        "@aws-sdk/client-textract": "^3.540.0",
        "@aws-sdk/client-transcribe": "^3.540.0",
        "@aws-sdk/util-dynamodb": "^3.540.0",
        "aws-sdk-client-mock": "^2.2.0"
      }
    },
    "node_modules/service-backlog-lib": {
      "resolved": "../../layers/service-backlog-lib",
      "link": true
    }
  }
}
