{
  "name": "backlog-stream-connector",
  "version": "3.0.0",
  "lockfileVersion": 2,
  "requires": true,
  "packages": {
    "": {
      "name": "backlog-stream-connector",
      "version": "3.0.0",
      "license": "MIT-0",
      "devDependencies": {
        "service-backlog-lib": "file:../../layers/service-backlog-lib"
      }
    },
    "../../layers/service-backlog-lib": {
      "version": "1.0.0",
      "dev": true,
      "devDependencies": {}
    },
    "node_modules/service-backlog-lib": {
      "resolved": "../../layers/service-backlog-lib",
      "link": true
    }
  },
  "dependencies": {
    "service-backlog-lib": {
      "version": "file:../../layers/service-backlog-lib"
    }
  }
}
