{
  "name": "gremlin",
  "version": "3.6.2",
  "lockfileVersion": 3,
  "requires": true,
  "packages": {
    "": {
      "name": "gremlin",
      "version": "3.6.2",
      "license": "Apache-2.0",
      "dependencies": {
        "gremlin": "^3.7.1"
      }
    },
    "node_modules/gremlin": {
      "version": "3.7.1",
      "resolved": "https://registry.npmjs.org/gremlin/-/gremlin-3.7.1.tgz",
      "integrity": "sha512-r7RPUPWxdbn4kG0pVGv+lpjSlBU2ZqHgO+PYjTBQuT+dtyIU1OQJ6mhSgCZoz/Zb48sk4WF9iWG5SLx5B2GKDw==",
      "dependencies": {
        "ws": "^8.11.0"
      },
      "engines": {
        "node": ">=18"
      }
    },
    "node_modules/ws": {
      "version": "8.16.0",
      "resolved": "https://registry.npmjs.org/ws/-/ws-8.16.0.tgz",
      "integrity": "sha512-HS0c//TP7Ina87TfiPUz1rQzMhHrl/SG2guqRcTOIUYD2q8uhUdNHZYJUaQ8aTGPzCh+c6oawMKW35nFl1dxyQ==",
      "engines": {
        "node": ">=10.0.0"
      },
      "peerDependencies": {
        "bufferutil": "^4.0.1",
        "utf-8-validate": ">=5.0.2"
      },
      "peerDependenciesMeta": {
        "bufferutil": {
          "optional": true
        },
        "utf-8-validate": {
          "optional": true
        }
      }
    }
  }
}
